// !$*UTF8*$!
{
	archiveVersion = 1;
	classes = {
	};
	objectVersion = 46;
	objects = {

/* Begin PBXBuildFile section */
		AB19C35E1D7CA8E900396B3A /* AppDelegate.swift in Sources */ = {isa = PBXBuildFile; fileRef = AB19C35D1D7CA8E900396B3A /* AppDelegate.swift */; };
		AB19C3611D7CA8E900396B3A /* Passion_Project.xcdatamodeld in Sources */ = {isa = PBXBuildFile; fileRef = AB19C35F1D7CA8E900396B3A /* Passion_Project.xcdatamodeld */; };
		AB19C3631D7CA8E900396B3A /* MasterViewController.swift in Sources */ = {isa = PBXBuildFile; fileRef = AB19C3621D7CA8E900396B3A /* MasterViewController.swift */; };
		AB19C3651D7CA8E900396B3A /* DetailViewController.swift in Sources */ = {isa = PBXBuildFile; fileRef = AB19C3641D7CA8E900396B3A /* DetailViewController.swift */; };
		AB19C3681D7CA8E900396B3A /* Main.storyboard in Resources */ = {isa = PBXBuildFile; fileRef = AB19C3661D7CA8E900396B3A /* Main.storyboard */; };
		AB19C36A1D7CA8E900396B3A /* Assets.xcassets in Resources */ = {isa = PBXBuildFile; fileRef = AB19C3691D7CA8E900396B3A /* Assets.xcassets */; };
		AB19C36D1D7CA8E900396B3A /* LaunchScreen.storyboard in Resources */ = {isa = PBXBuildFile; fileRef = AB19C36B1D7CA8E900396B3A /* LaunchScreen.storyboard */; };
		AB19C3781D7CA8E900396B3A /* Note_TakerTests.swift in Sources */ = {isa = PBXBuildFile; fileRef = AB19C3771D7CA8E900396B3A /* Note_TakerTests.swift */; };
/* End PBXBuildFile section */

/* Begin PBXBuildRule section */
		AB19C3821D7E393A00396B3A /* PBXBuildRule */ = {
			isa = PBXBuildRule;
			compilerSpec = com.apple.compilers.proxy.script;
			fileType = sourcecode.metal;
			isEditable = 1;
			outputFiles = (
			);
			script = "# <com.apple.compilers.metal.osx>\n";
		};
/* End PBXBuildRule section */

/* Begin PBXContainerItemProxy section */
		AB19C3741D7CA8E900396B3A /* PBXContainerItemProxy */ = {
			isa = PBXContainerItemProxy;
			containerPortal = AB19C3521D7CA8E900396B3A /* Project object */;
			proxyType = 1;
			remoteGlobalIDString = AB19C3591D7CA8E900396B3A;
			remoteInfo = "Passion Project";
		};
/* End PBXContainerItemProxy section */

/* Begin PBXFileReference section */
		AB19C35A1D7CA8E900396B3A /* Note Taker.temp_caseinsensitive_rename.app */ = {isa = PBXFileReference; explicitFileType = wrapper.application; includeInIndex = 0; path = "Note Taker.temp_caseinsensitive_rename.app"; sourceTree = BUILT_PRODUCTS_DIR; };
		AB19C35D1D7CA8E900396B3A /* AppDelegate.swift */ = {isa = PBXFileReference; lastKnownFileType = sourcecode.swift; path = AppDelegate.swift; sourceTree = "<group>"; };
		AB19C3601D7CA8E900396B3A /* Passion_Project.xcdatamodel */ = {isa = PBXFileReference; lastKnownFileType = wrapper.xcdatamodel; path = Passion_Project.xcdatamodel; sourceTree = "<group>"; };
		AB19C3621D7CA8E900396B3A /* MasterViewController.swift */ = {isa = PBXFileReference; lastKnownFileType = sourcecode.swift; path = MasterViewController.swift; sourceTree = "<group>"; };
		AB19C3641D7CA8E900396B3A /* DetailViewController.swift */ = {isa = PBXFileReference; lastKnownFileType = sourcecode.swift; path = DetailViewController.swift; sourceTree = "<group>"; };
		AB19C3671D7CA8E900396B3A /* Base */ = {isa = PBXFileReference; lastKnownFileType = file.storyboard; name = Base; path = Base.lproj/Main.storyboard; sourceTree = "<group>"; };
		AB19C3691D7CA8E900396B3A /* Assets.xcassets */ = {isa = PBXFileReference; lastKnownFileType = folder.assetcatalog; path = Assets.xcassets; sourceTree = "<group>"; };
		AB19C36C1D7CA8E900396B3A /* Base */ = {isa = PBXFileReference; lastKnownFileType = file.storyboard; name = Base; path = Base.lproj/LaunchScreen.storyboard; sourceTree = "<group>"; };
		AB19C36E1D7CA8E900396B3A /* Info.plist */ = {isa = PBXFileReference; lastKnownFileType = text.plist.xml; path = Info.plist; sourceTree = "<group>"; };
		AB19C3731D7CA8E900396B3A /* Note Taker.temp_caseinsensitive_rename.xctest */ = {isa = PBXFileReference; explicitFileType = wrapper.cfbundle; includeInIndex = 0; path = "Note Taker.temp_caseinsensitive_rename.xctest"; sourceTree = BUILT_PRODUCTS_DIR; };
		AB19C3771D7CA8E900396B3A /* Note_TakerTests.swift */ = {isa = PBXFileReference; lastKnownFileType = sourcecode.swift; path = Note_TakerTests.swift; sourceTree = "<group>"; };
		AB19C3791D7CA8E900396B3A /* Info.plist */ = {isa = PBXFileReference; lastKnownFileType = text.plist.xml; path = Info.plist; sourceTree = "<group>"; };
/* End PBXFileReference section */

/* Begin PBXFrameworksBuildPhase section */
		AB19C3571D7CA8E900396B3A /* Frameworks */ = {
			isa = PBXFrameworksBuildPhase;
			buildActionMask = 2147483647;
			files = (
			);
			runOnlyForDeploymentPostprocessing = 0;
		};
		AB19C3701D7CA8E900396B3A /* Frameworks */ = {
			isa = PBXFrameworksBuildPhase;
			buildActionMask = 2147483647;
			files = (
			);
			runOnlyForDeploymentPostprocessing = 0;
		};
/* End PBXFrameworksBuildPhase section */

/* Begin PBXGroup section */
		AB19C3511D7CA8E900396B3A = {
			isa = PBXGroup;
			children = (
				AB19C35C1D7CA8E900396B3A /* NoteTaker */,
				AB19C3761D7CA8E900396B3A /* NoteTakerTests */,
				AB19C35B1D7CA8E900396B3A /* Products */,
			);
			sourceTree = "<group>";
		};
		AB19C35B1D7CA8E900396B3A /* Products */ = {
			isa = PBXGroup;
			children = (
				AB19C35A1D7CA8E900396B3A /* Note Taker.temp_caseinsensitive_rename.app */,
				AB19C3731D7CA8E900396B3A /* Note Taker.temp_caseinsensitive_rename.xctest */,
			);
			name = Products;
			sourceTree = "<group>";
		};
		AB19C35C1D7CA8E900396B3A /* NoteTaker */ = {
			isa = PBXGroup;
			children = (
				AB19C35D1D7CA8E900396B3A /* AppDelegate.swift */,
				AB19C3621D7CA8E900396B3A /* MasterViewController.swift */,
				AB19C3641D7CA8E900396B3A /* DetailViewController.swift */,
				AB19C3661D7CA8E900396B3A /* Main.storyboard */,
				AB19C3691D7CA8E900396B3A /* Assets.xcassets */,
				AB19C36B1D7CA8E900396B3A /* LaunchScreen.storyboard */,
				AB19C36E1D7CA8E900396B3A /* Info.plist */,
				AB19C35F1D7CA8E900396B3A /* Passion_Project.xcdatamodeld */,
			);
			name = NoteTaker;
			path = "Passion Project";
			sourceTree = "<group>";
		};
		AB19C3761D7CA8E900396B3A /* NoteTakerTests */ = {
			isa = PBXGroup;
			children = (
				AB19C3771D7CA8E900396B3A /* Note_TakerTests.swift */,
				AB19C3791D7CA8E900396B3A /* Info.plist */,
			);
			name = NoteTakerTests;
			path = "Passion ProjectTests";
			sourceTree = "<group>";
		};
/* End PBXGroup section */

/* Begin PBXNativeTarget section */
		AB19C3591D7CA8E900396B3A /* Note Taker */ = {
			isa = PBXNativeTarget;
			buildConfigurationList = AB19C37C1D7CA8E900396B3A /* Build configuration list for PBXNativeTarget "Note Taker" */;
			buildPhases = (
				AB19C3561D7CA8E900396B3A /* Sources */,
				AB19C3571D7CA8E900396B3A /* Frameworks */,
				AB19C3581D7CA8E900396B3A /* Resources */,
			);
			buildRules = (
				AB19C3821D7E393A00396B3A /* PBXBuildRule */,
			);
			dependencies = (
			);
			name = "Note Taker";
			productName = "Passion Project";
			productReference = AB19C35A1D7CA8E900396B3A /* Note Taker.temp_caseinsensitive_rename.app */;
			productType = "com.apple.product-type.application";
		};
		AB19C3721D7CA8E900396B3A /* Note TakerTests */ = {
			isa = PBXNativeTarget;
			buildConfigurationList = AB19C37F1D7CA8E900396B3A /* Build configuration list for PBXNativeTarget "Note TakerTests" */;
			buildPhases = (
				AB19C36F1D7CA8E900396B3A /* Sources */,
				AB19C3701D7CA8E900396B3A /* Frameworks */,
				AB19C3711D7CA8E900396B3A /* Resources */,
			);
			buildRules = (
			);
			dependencies = (
				AB19C3751D7CA8E900396B3A /* PBXTargetDependency */,
			);
			name = "Note TakerTests";
			productName = "Passion ProjectTests";
			productReference = AB19C3731D7CA8E900396B3A /* Note Taker.temp_caseinsensitive_rename.xctest */;
			productType = "com.apple.product-type.bundle.unit-test";
		};
/* End PBXNativeTarget section */

/* Begin PBXProject section */
		AB19C3521D7CA8E900396B3A /* Project object */ = {
			isa = PBXProject;
			attributes = {
				LastSwiftUpdateCheck = 0730;
				LastUpgradeCheck = 0730;
				ORGANIZATIONNAME = Moth;
				TargetAttributes = {
					AB19C3591D7CA8E900396B3A = {
						CreatedOnToolsVersion = 7.3.1;
						DevelopmentTeam = RH8925C7T2;
						LastSwiftMigration = 0800;
					};
					AB19C3721D7CA8E900396B3A = {
						CreatedOnToolsVersion = 7.3.1;
						TestTargetID = AB19C3591D7CA8E900396B3A;
					};
				};
			};
			buildConfigurationList = AB19C3551D7CA8E900396B3A /* Build configuration list for PBXProject "Note Taker" */;
			compatibilityVersion = "Xcode 3.2";
			developmentRegion = English;
			hasScannedForEncodings = 0;
			knownRegions = (
				en,
				Base,
			);
			mainGroup = AB19C3511D7CA8E900396B3A;
			productRefGroup = AB19C35B1D7CA8E900396B3A /* Products */;
			projectDirPath = "";
			projectRoot = "";
			targets = (
				AB19C3591D7CA8E900396B3A /* Note Taker */,
				AB19C3721D7CA8E900396B3A /* Note TakerTests */,
			);
		};
/* End PBXProject section */

/* Begin PBXResourcesBuildPhase section */
		AB19C3581D7CA8E900396B3A /* Resources */ = {
			isa = PBXResourcesBuildPhase;
			buildActionMask = 2147483647;
			files = (
				AB19C36D1D7CA8E900396B3A /* LaunchScreen.storyboard in Resources */,
				AB19C36A1D7CA8E900396B3A /* Assets.xcassets in Resources */,
				AB19C3681D7CA8E900396B3A /* Main.storyboard in Resources */,
			);
			runOnlyForDeploymentPostprocessing = 0;
		};
		AB19C3711D7CA8E900396B3A /* Resources */ = {
			isa = PBXResourcesBuildPhase;
			buildActionMask = 2147483647;
			files = (
			);
			runOnlyForDeploymentPostprocessing = 0;
		};
/* End PBXResourcesBuildPhase section */

/* Begin PBXSourcesBuildPhase section */
		AB19C3561D7CA8E900396B3A /* Sources */ = {
			isa = PBXSourcesBuildPhase;
			buildActionMask = 2147483647;
			files = (
				AB19C35E1D7CA8E900396B3A /* AppDelegate.swift in Sources */,
				AB19C3611D7CA8E900396B3A /* Passion_Project.xcdatamodeld in Sources */,
				AB19C3631D7CA8E900396B3A /* MasterViewController.swift in Sources */,
				AB19C3651D7CA8E900396B3A /* DetailViewController.swift in Sources */,
			);
			runOnlyForDeploymentPostprocessing = 0;
		};
		AB19C36F1D7CA8E900396B3A /* Sources */ = {
			isa = PBXSourcesBuildPhase;
			buildActionMask = 2147483647;
			files = (
				AB19C3781D7CA8E900396B3A /* Note_TakerTests.swift in Sources */,
			);
			runOnlyForDeploymentPostprocessing = 0;
		};
/* End PBXSourcesBuildPhase section */

/* Begin PBXTargetDependency section */
		AB19C3751D7CA8E900396B3A /* PBXTargetDependency */ = {
			isa = PBXTargetDependency;
			target = AB19C3591D7CA8E900396B3A /* Note Taker */;
			targetProxy = AB19C3741D7CA8E900396B3A /* PBXContainerItemProxy */;
		};
/* End PBXTargetDependency section */

/* Begin PBXVariantGroup section */
		AB19C3661D7CA8E900396B3A /* Main.storyboard */ = {
			isa = PBXVariantGroup;
			children = (
				AB19C3671D7CA8E900396B3A /* Base */,
			);
			name = Main.storyboard;
			sourceTree = "<group>";
		};
		AB19C36B1D7CA8E900396B3A /* LaunchScreen.storyboard */ = {
			isa = PBXVariantGroup;
			children = (
				AB19C36C1D7CA8E900396B3A /* Base */,
			);
			name = LaunchScreen.storyboard;
			sourceTree = "<group>";
		};
/* End PBXVariantGroup section */

/* Begin XCBuildConfiguration section */
		AB19C37A1D7CA8E900396B3A /* Debug */ = {
			isa = XCBuildConfiguration;
			buildSettings = {
				ALWAYS_SEARCH_USER_PATHS = NO;
				CLANG_ANALYZER_NONNULL = YES;
				CLANG_CXX_LANGUAGE_STANDARD = "gnu++0x";
				CLANG_CXX_LIBRARY = "libc++";
				CLANG_ENABLE_MODULES = YES;
				CLANG_ENABLE_OBJC_ARC = YES;
				CLANG_WARN_BOOL_CONVERSION = YES;
				CLANG_WARN_CONSTANT_CONVERSION = YES;
				CLANG_WARN_DIRECT_OBJC_ISA_USAGE = YES_ERROR;
				CLANG_WARN_EMPTY_BODY = YES;
				CLANG_WARN_ENUM_CONVERSION = YES;
				CLANG_WARN_INT_CONVERSION = YES;
				CLANG_WARN_OBJC_ROOT_CLASS = YES_ERROR;
				CLANG_WARN_UNREACHABLE_CODE = YES;
				CLANG_WARN__DUPLICATE_METHOD_MATCH = YES;
				"CODE_SIGN_IDENTITY[sdk=iphoneos*]" = "iPhone Developer";
				COPY_PHASE_STRIP = NO;
				DEBUG_INFORMATION_FORMAT = dwarf;
				ENABLE_STRICT_OBJC_MSGSEND = YES;
				ENABLE_TESTABILITY = YES;
				GCC_C_LANGUAGE_STANDARD = gnu99;
				GCC_DYNAMIC_NO_PIC = NO;
				GCC_NO_COMMON_BLOCKS = YES;
				GCC_OPTIMIZATION_LEVEL = 0;
				GCC_PREPROCESSOR_DEFINITIONS = (
					"DEBUG=1",
					"$(inherited)",
				);
				GCC_WARN_64_TO_32_BIT_CONVERSION = YES;
				GCC_WARN_ABOUT_RETURN_TYPE = YES_ERROR;
				GCC_WARN_UNDECLARED_SELECTOR = YES;
				GCC_WARN_UNINITIALIZED_AUTOS = YES_AGGRESSIVE;
				GCC_WARN_UNUSED_FUNCTION = YES;
				GCC_WARN_UNUSED_VARIABLE = YES;
				IPHONEOS_DEPLOYMENT_TARGET = 9.3;
				MTL_ENABLE_DEBUG_INFO = YES;
				ONLY_ACTIVE_ARCH = YES;
				SDKROOT = iphoneos;
				SWIFT_OPTIMIZATION_LEVEL = "-Onone";
			};
			name = Debug;
		};
		AB19C37B1D7CA8E900396B3A /* Release */ = {
			isa = XCBuildConfiguration;
			buildSettings = {
				ALWAYS_SEARCH_USER_PATHS = NO;
				CLANG_ANALYZER_NONNULL = YES;
				CLANG_CXX_LANGUAGE_STANDARD = "gnu++0x";
				CLANG_CXX_LIBRARY = "libc++";
				CLANG_ENABLE_MODULES = YES;
				CLANG_ENABLE_OBJC_ARC = YES;
				CLANG_WARN_BOOL_CONVERSION = YES;
				CLANG_WARN_CONSTANT_CONVERSION = YES;
				CLANG_WARN_DIRECT_OBJC_ISA_USAGE = YES_ERROR;
				CLANG_WARN_EMPTY_BODY = YES;
				CLANG_WARN_ENUM_CONVERSION = YES;
				CLANG_WARN_INT_CONVERSION = YES;
				CLANG_WARN_OBJC_ROOT_CLASS = YES_ERROR;
				CLANG_WARN_UNREACHABLE_CODE = YES;
				CLANG_WARN__DUPLICATE_METHOD_MATCH = YES;
				"CODE_SIGN_IDENTITY[sdk=iphoneos*]" = "iPhone Developer";
				COPY_PHASE_STRIP = NO;
				DEBUG_INFORMATION_FORMAT = "dwarf-with-dsym";
				ENABLE_NS_ASSERTIONS = NO;
				ENABLE_STRICT_OBJC_MSGSEND = YES;
				GCC_C_LANGUAGE_STANDARD = gnu99;
				GCC_NO_COMMON_BLOCKS = YES;
				GCC_WARN_64_TO_32_BIT_CONVERSION = YES;
				GCC_WARN_ABOUT_RETURN_TYPE = YES_ERROR;
				GCC_WARN_UNDECLARED_SELECTOR = YES;
				GCC_WARN_UNINITIALIZED_AUTOS = YES_AGGRESSIVE;
				GCC_WARN_UNUSED_FUNCTION = YES;
				GCC_WARN_UNUSED_VARIABLE = YES;
				IPHONEOS_DEPLOYMENT_TARGET = 9.3;
				MTL_ENABLE_DEBUG_INFO = NO;
				SDKROOT = iphoneos;
				VALIDATE_PRODUCT = YES;
			};
			name = Release;
		};
		AB19C37D1D7CA8E900396B3A /* Debug */ = {
			isa = XCBuildConfiguration;
			buildSettings = {
				ASSETCATALOG_COMPILER_APPICON_NAME = AppIcon;
				CODE_SIGN_IDENTITY = "iPhone Developer";
				"CODE_SIGN_IDENTITY[sdk=iphoneos*]" = "iPhone Developer";
				INFOPLIST_FILE = "Passion Project/Info.plist";
				LD_RUNPATH_SEARCH_PATHS = "$(inherited) @executable_path/Frameworks";
				PRODUCT_BUNDLE_IDENTIFIER = com.example.NoteTaker;
				PRODUCT_NAME = "Note Taker.temp_caseinsensitive_rename";
				PROVISIONING_PROFILE = "";
				SWIFT_VERSION = 3.0;
			};
			name = Debug;
		};
		AB19C37E1D7CA8E900396B3A /* Release */ = {
			isa = XCBuildConfiguration;
			buildSettings = {
				ASSETCATALOG_COMPILER_APPICON_NAME = AppIcon;
				CODE_SIGN_IDENTITY = "iPhone Developer";
				"CODE_SIGN_IDENTITY[sdk=iphoneos*]" = "iPhone Developer";
				INFOPLIST_FILE = "Passion Project/Info.plist";
				LD_RUNPATH_SEARCH_PATHS = "$(inherited) @executable_path/Frameworks";
				PRODUCT_BUNDLE_IDENTIFIER = com.example.NoteTaker;
				PRODUCT_NAME = "Note Taker.temp_caseinsensitive_rename";
				PROVISIONING_PROFILE = "";
				SWIFT_VERSION = 3.0;
			};
			name = Release;
		};
		AB19C3801D7CA8E900396B3A /* Debug */ = {
			isa = XCBuildConfiguration;
			buildSettings = {
				BUNDLE_LOADER = "$(TEST_HOST)";
				INFOPLIST_FILE = "Passion ProjectTests/Info.plist";
				LD_RUNPATH_SEARCH_PATHS = "$(inherited) @executable_path/Frameworks @loader_path/Frameworks";
				PRODUCT_BUNDLE_IDENTIFIER = "com.example.Passion-ProjectTests";
				PRODUCT_NAME = "Note Taker.temp_caseinsensitive_rename";
				TEST_HOST = "$(BUILT_PRODUCTS_DIR)/Note Taker.temp_caseinsensitive_rename.app/Note Taker.temp_caseinsensitive_rename";
			};
			name = Debug;
		};
		AB19C3811D7CA8E900396B3A /* Release */ = {
			isa = XCBuildConfiguration;
			buildSettings = {
				BUNDLE_LOADER = "$(TEST_HOST)";
				INFOPLIST_FILE = "Passion ProjectTests/Info.plist";
				LD_RUNPATH_SEARCH_PATHS = "$(inherited) @executable_path/Frameworks @loader_path/Frameworks";
				PRODUCT_BUNDLE_IDENTIFIER = "com.example.Passion-ProjectTests";
				PRODUCT_NAME = "Note Taker.temp_caseinsensitive_rename";
				TEST_HOST = "$(BUILT_PRODUCTS_DIR)/Note Taker.temp_caseinsensitive_rename.app/Note Taker.temp_caseinsensitive_rename";
			};
			name = Release;
		};
/* End XCBuildConfiguration section */

/* Begin XCConfigurationList section */
		AB19C3551D7CA8E900396B3A /* Build configuration list for PBXProject "Note Taker" */ = {
			isa = XCConfigurationList;
			buildConfigurations = (
				AB19C37A1D7CA8E900396B3A /* Debug */,
				AB19C37B1D7CA8E900396B3A /* Release */,
			);
			defaultConfigurationIsVisible = 0;
			defaultConfigurationName = Release;
		};
		AB19C37C1D7CA8E900396B3A /* Build configuration list for PBXNativeTarget "Note Taker" */ = {
			isa = XCConfigurationList;
			buildConfigurations = (
				AB19C37D1D7CA8E900396B3A /* Debug */,
				AB19C37E1D7CA8E900396B3A /* Release */,
			);
			defaultConfigurationIsVisible = 0;
			defaultConfigurationName = Release;
		};
		AB19C37F1D7CA8E900396B3A /* Build configuration list for PBXNativeTarget "Note TakerTests" */ = {
			isa = XCConfigurationList;
			buildConfigurations = (
				AB19C3801D7CA8E900396B3A /* Debug */,
				AB19C3811D7CA8E900396B3A /* Release */,
			);
			defaultConfigurationIsVisible = 0;
			defaultConfigurationName = Release;
		};
/* End XCConfigurationList section */

/* Begin XCVersionGroup section */
		AB19C35F1D7CA8E900396B3A /* Passion_Project.xcdatamodeld */ = {
			isa = XCVersionGroup;
			children = (
				AB19C3601D7CA8E900396B3A /* Passion_Project.xcdatamodel */,
			);
			currentVersion = AB19C3601D7CA8E900396B3A /* Passion_Project.xcdatamodel */;
			path = Passion_Project.xcdatamodeld;
			sourceTree = "<group>";
			versionGroupType = wrapper.xcdatamodel;
		};
/* End XCVersionGroup section */
	};
	rootObject = AB19C3521D7CA8E900396B3A /* Project object */;
}
